// !$*UTF8*$!
{
	archiveVersion = 1;
	classes = {
	};
	objectVersion = 46;
	objects = {

/* Begin PBXBuildFile section */
		91B6D8CB1AEFCFA900DEFA61 /* main.m in Sources */ = {isa = PBXBuildFile; fileRef = 91B6D8CA1AEFCFA900DEFA61 /* main.m */; };
		91B6D8CE1AEFCFA900DEFA61 /* AppDelegate.m in Sources */ = {isa = PBXBuildFile; fileRef = 91B6D8CD1AEFCFA900DEFA61 /* AppDelegate.m */; };
		91B6D8D11AEFCFA900DEFA61 /* ViewController.m in Sources */ = {isa = PBXBuildFile; fileRef = 91B6D8D01AEFCFA900DEFA61 /* ViewController.m */; };
		91B6D8D41AEFCFA900DEFA61 /* Main.storyboard in Resources */ = {isa = PBXBuildFile; fileRef = 91B6D8D21AEFCFA900DEFA61 /* Main.storyboard */; };
		91B6D8D61AEFCFA900DEFA61 /* Images.xcassets in Resources */ = {isa = PBXBuildFile; fileRef = 91B6D8D51AEFCFA900DEFA61 /* Images.xcassets */; };
		91B6D8D91AEFCFA900DEFA61 /* LaunchScreen.xib in Resources */ = {isa = PBXBuildFile; fileRef = 91B6D8D71AEFCFA900DEFA61 /* LaunchScreen.xib */; };
		91B6D8E51AEFCFAA00DEFA61 /* _4___Tests.m in Sources */ = {isa = PBXBuildFile; fileRef = 91B6D8E41AEFCFAA00DEFA61 /* _4___Tests.m */; };
		91B6D8EF1AEFD5D400DEFA61 /* 钟表.png in Resources */ = {isa = PBXBuildFile; fileRef = 91B6D8EE1AEFD5D400DEFA61 /* 钟表.png */; };
/* End PBXBuildFile section */

/* Begin PBXContainerItemProxy section */
		91B6D8DF1AEFCFAA00DEFA61 /* PBXContainerItemProxy */ = {
			isa = PBXContainerItemProxy;
			containerPortal = 91B6D8BD1AEFCFA900DEFA61 /* Project object */;
			proxyType = 1;
			remoteGlobalIDString = 91B6D8C41AEFCFA900DEFA61;
			remoteInfo = "14.时钟";
		};
/* End PBXContainerItemProxy section */

/* Begin PBXFileReference section */
		91B6D8C51AEFCFA900DEFA61 /* 14.时钟.app */ = {isa = PBXFileReference; explicitFileType = wrapper.application; includeInIndex = 0; path = "14.时钟.app"; sourceTree = BUILT_PRODUCTS_DIR; };
		91B6D8C91AEFCFA900DEFA61 /* Info.plist */ = {isa = PBXFileReference; lastKnownFileType = text.plist.xml; path = Info.plist; sourceTree = "<group>"; };
		91B6D8CA1AEFCFA900DEFA61 /* main.m */ = {isa = PBXFileReference; lastKnownFileType = sourcecode.c.objc; path = main.m; sourceTree = "<group>"; };
		91B6D8CC1AEFCFA900DEFA61 /* AppDelegate.h */ = {isa = PBXFileReference; lastKnownFileType = sourcecode.c.h; path = AppDelegate.h; sourceTree = "<group>"; };
		91B6D8CD1AEFCFA900DEFA61 /* AppDelegate.m */ = {isa = PBXFileReference; lastKnownFileType = sourcecode.c.objc; path = AppDelegate.m; sourceTree = "<group>"; };
		91B6D8CF1AEFCFA900DEFA61 /* ViewController.h */ = {isa = PBXFileReference; lastKnownFileType = sourcecode.c.h; path = ViewController.h; sourceTree = "<group>"; };
		91B6D8D01AEFCFA900DEFA61 /* ViewController.m */ = {isa = PBXFileReference; lastKnownFileType = sourcecode.c.objc; path = ViewController.m; sourceTree = "<group>"; };
		91B6D8D31AEFCFA900DEFA61 /* Base */ = {isa = PBXFileReference; lastKnownFileType = file.storyboard; name = Base; path = Base.lproj/Main.storyboard; sourceTree = "<group>"; };
		91B6D8D51AEFCFA900DEFA61 /* Images.xcassets */ = {isa = PBXFileReference; lastKnownFileType = folder.assetcatalog; path = Images.xcassets; sourceTree = "<group>"; };
		91B6D8D81AEFCFA900DEFA61 /* Base */ = {isa = PBXFileReference; lastKnownFileType = file.xib; name = Base; path = Base.lproj/LaunchScreen.xib; sourceTree = "<group>"; };
		91B6D8DE1AEFCFAA00DEFA61 /* 14.时钟Tests.xctest */ = {isa = PBXFileReference; explicitFileType = wrapper.cfbundle; includeInIndex = 0; path = "14.时钟Tests.xctest"; sourceTree = BUILT_PRODUCTS_DIR; };
		91B6D8E31AEFCFAA00DEFA61 /* Info.plist */ = {isa = PBXFileReference; lastKnownFileType = text.plist.xml; path = Info.plist; sourceTree = "<group>"; };
		91B6D8E41AEFCFAA00DEFA61 /* _4___Tests.m */ = {isa = PBXFileReference; lastKnownFileType = sourcecode.c.objc; path = "_4___Tests.m"; sourceTree = "<group>"; };
		91B6D8EE1AEFD5D400DEFA61 /* 钟表.png */ = {isa = PBXFileReference; lastKnownFileType = image.png; path = "钟表.png"; sourceTree = "<group>"; };
/* End PBXFileReference section */

/* Begin PBXFrameworksBuildPhase section */
		91B6D8C21AEFCFA900DEFA61 /* Frameworks */ = {
			isa = PBXFrameworksBuildPhase;
			buildActionMask = 2147483647;
			files = (
			);
			runOnlyForDeploymentPostprocessing = 0;
		};
		91B6D8DB1AEFCFAA00DEFA61 /* Frameworks */ = {
			isa = PBXFrameworksBuildPhase;
			buildActionMask = 2147483647;
			files = (
			);
			runOnlyForDeploymentPostprocessing = 0;
		};
/* End PBXFrameworksBuildPhase section */

/* Begin PBXGroup section */
		91B6D8BC1AEFCFA900DEFA61 = {
			isa = PBXGroup;
			children = (
				91B6D8C71AEFCFA900DEFA61 /* 14.时钟 */,
				91B6D8E11AEFCFAA00DEFA61 /* 14.时钟Tests */,
				91B6D8C61AEFCFA900DEFA61 /* Products */,
			);
			sourceTree = "<group>";
		};
		91B6D8C61AEFCFA900DEFA61 /* Products */ = {
			isa = PBXGroup;
			children = (
				91B6D8C51AEFCFA900DEFA61 /* 14.时钟.app */,
				91B6D8DE1AEFCFAA00DEFA61 /* 14.时钟Tests.xctest */,
			);
			name = Products;
			sourceTree = "<group>";
		};
		91B6D8C71AEFCFA900DEFA61 /* 14.时钟 */ = {
			isa = PBXGroup;
			children = (
				91B6D8CC1AEFCFA900DEFA61 /* AppDelegate.h */,
				91B6D8CD1AEFCFA900DEFA61 /* AppDelegate.m */,
				91B6D8CF1AEFCFA900DEFA61 /* ViewController.h */,
				91B6D8D01AEFCFA900DEFA61 /* ViewController.m */,
				91B6D8EE1AEFD5D400DEFA61 /* 钟表.png */,
				91B6D8D21AEFCFA900DEFA61 /* Main.storyboard */,
				91B6D8D51AEFCFA900DEFA61 /* Images.xcassets */,
				91B6D8D71AEFCFA900DEFA61 /* LaunchScreen.xib */,
				91B6D8C81AEFCFA900DEFA61 /* Supporting Files */,
			);
			path = "14.时钟";
			sourceTree = "<group>";
		};
		91B6D8C81AEFCFA900DEFA61 /* Supporting Files */ = {
			isa = PBXGroup;
			children = (
				91B6D8C91AEFCFA900DEFA61 /* Info.plist */,
				91B6D8CA1AEFCFA900DEFA61 /* main.m */,
			);
			name = "Supporting Files";
			sourceTree = "<group>";
		};
		91B6D8E11AEFCFAA00DEFA61 /* 14.时钟Tests */ = {
			isa = PBXGroup;
			children = (
				91B6D8E41AEFCFAA00DEFA61 /* _4___Tests.m */,
				91B6D8E21AEFCFAA00DEFA61 /* Supporting Files */,
			);
			path = "14.时钟Tests";
			sourceTree = "<group>";
		};
		91B6D8E21AEFCFAA00DEFA61 /* Supporting Files */ = {
			isa = PBXGroup;
			children = (
				91B6D8E31AEFCFAA00DEFA61 /* Info.plist */,
			);
			name = "Supporting Files";
			sourceTree = "<group>";
		};
/* End PBXGroup section */

/* Begin PBXNativeTarget section */
		91B6D8C41AEFCFA900DEFA61 /* 14.时钟 */ = {
			isa = PBXNativeTarget;
			buildConfigurationList = 91B6D8E81AEFCFAA00DEFA61 /* Build configuration list for PBXNativeTarget "14.时钟" */;
			buildPhases = (
				91B6D8C11AEFCFA900DEFA61 /* Sources */,
				91B6D8C21AEFCFA900DEFA61 /* Frameworks */,
				91B6D8C31AEFCFA900DEFA61 /* Resources */,
			);
			buildRules = (
			);
			dependencies = (
			);
			name = "14.时钟";
			productName = "14.时钟";
			productReference = 91B6D8C51AEFCFA900DEFA61 /* 14.时钟.app */;
			productType = "com.apple.product-type.application";
		};
		91B6D8DD1AEFCFAA00DEFA61 /* 14.时钟Tests */ = {
			isa = PBXNativeTarget;
			buildConfigurationList = 91B6D8EB1AEFCFAA00DEFA61 /* Build configuration list for PBXNativeTarget "14.时钟Tests" */;
			buildPhases = (
				91B6D8DA1AEFCFAA00DEFA61 /* Sources */,
				91B6D8DB1AEFCFAA00DEFA61 /* Frameworks */,
				91B6D8DC1AEFCFAA00DEFA61 /* Resources */,
			);
			buildRules = (
			);
			dependencies = (
				91B6D8E01AEFCFAA00DEFA61 /* PBXTargetDependency */,
			);
			name = "14.时钟Tests";
			productName = "14.时钟Tests";
			productReference = 91B6D8DE1AEFCFAA00DEFA61 /* 14.时钟Tests.xctest */;
			productType = "com.apple.product-type.bundle.unit-test";
		};
/* End PBXNativeTarget section */

/* Begin PBXProject section */
		91B6D8BD1AEFCFA900DEFA61 /* Project object */ = {
			isa = PBXProject;
			attributes = {
				LastUpgradeCheck = 0630;
				ORGANIZATIONNAME = zjsruxxxy7;
				TargetAttributes = {
					91B6D8C41AEFCFA900DEFA61 = {
						CreatedOnToolsVersion = 6.3;
					};
					91B6D8DD1AEFCFAA00DEFA61 = {
						CreatedOnToolsVersion = 6.3;
						TestTargetID = 91B6D8C41AEFCFA900DEFA61;
					};
				};
			};
			buildConfigurationList = 91B6D8C01AEFCFA900DEFA61 /* Build configuration list for PBXProject "14.时钟" */;
			compatibilityVersion = "Xcode 3.2";
			developmentRegion = English;
			hasScannedForEncodings = 0;
			knownRegions = (
				en,
				Base,
			);
			mainGroup = 91B6D8BC1AEFCFA900DEFA61;
			productRefGroup = 91B6D8C61AEFCFA900DEFA61 /* Products */;
			projectDirPath = "";
			projectRoot = "";
			targets = (
				91B6D8C41AEFCFA900DEFA61 /* 14.时钟 */,
				91B6D8DD1AEFCFAA00DEFA61 /* 14.时钟Tests */,
			);
		};
/* End PBXProject section */

/* Begin PBXResourcesBuildPhase section */
		91B6D8C31AEFCFA900DEFA61 /* Resources */ = {
			isa = PBXResourcesBuildPhase;
			buildActionMask = 2147483647;
			files = (
				91B6D8EF1AEFD5D400DEFA61 /* 钟表.png in Resources */,
				91B6D8D41AEFCFA900DEFA61 /* Main.storyboard in Resources */,
				91B6D8D91AEFCFA900DEFA61 /* LaunchScreen.xib in Resources */,
				91B6D8D61AEFCFA900DEFA61 /* Images.xcassets in Resources */,
			);
			runOnlyForDeploymentPostprocessing = 0;
		};
		91B6D8DC1AEFCFAA00DEFA61 /* Resources */ = {
			isa = PBXResourcesBuildPhase;
			buildActionMask = 2147483647;
			files = (
			);
			runOnlyForDeploymentPostprocessing = 0;
		};
/* End PBXResourcesBuildPhase section */

/* Begin PBXSourcesBuildPhase section */
		91B6D8C11AEFCFA900DEFA61 /* Sources */ = {
			isa = PBXSourcesBuildPhase;
			buildActionMask = 2147483647;
			files = (
				91B6D8D11AEFCFA900DEFA61 /* ViewController.m in Sources */,
				91B6D8CE1AEFCFA900DEFA61 /* AppDelegate.m in Sources */,
				91B6D8CB1AEFCFA900DEFA61 /* main.m in Sources */,
			);
			runOnlyForDeploymentPostprocessing = 0;
		};
		91B6D8DA1AEFCFAA00DEFA61 /* Sources */ = {
			isa = PBXSourcesBuildPhase;
			buildActionMask = 2147483647;
			files = (
				91B6D8E51AEFCFAA00DEFA61 /* _4___Tests.m in Sources */,
			);
			runOnlyForDeploymentPostprocessing = 0;
		};
/* End PBXSourcesBuildPhase section */

/* Begin PBXTargetDependency section */
		91B6D8E01AEFCFAA00DEFA61 /* PBXTargetDependency */ = {
			isa = PBXTargetDependency;
			target = 91B6D8C41AEFCFA900DEFA61 /* 14.时钟 */;
			targetProxy = 91B6D8DF1AEFCFAA00DEFA61 /* PBXContainerItemProxy */;
		};
/* End PBXTargetDependency section */

/* Begin PBXVariantGroup section */
		91B6D8D21AEFCFA900DEFA61 /* Main.storyboard */ = {
			isa = PBXVariantGroup;
			children = (
				91B6D8D31AEFCFA900DEFA61 /* Base */,
			);
			name = Main.storyboard;
			sourceTree = "<group>";
		};
		91B6D8D71AEFCFA900DEFA61 /* LaunchScreen.xib */ = {
			isa = PBXVariantGroup;
			children = (
				91B6D8D81AEFCFA900DEFA61 /* Base */,
			);
			name = LaunchScreen.xib;
			sourceTree = "<group>";
		};
/* End PBXVariantGroup section */

/* Begin XCBuildConfiguration section */
		91B6D8E61AEFCFAA00DEFA61 /* Debug */ = {
			isa = XCBuildConfiguration;
			buildSettings = {
				ALWAYS_SEARCH_USER_PATHS = NO;
				CLANG_CXX_LANGUAGE_STANDARD = "gnu++0x";
				CLANG_CXX_LIBRARY = "libc++";
				CLANG_ENABLE_MODULES = YES;
				CLANG_ENABLE_OBJC_ARC = YES;
				CLANG_WARN_BOOL_CONVERSION = YES;
				CLANG_WARN_CONSTANT_CONVERSION = YES;
				CLANG_WARN_DIRECT_OBJC_ISA_USAGE = YES_ERROR;
				CLANG_WARN_EMPTY_BODY = YES;
				CLANG_WARN_ENUM_CONVERSION = YES;
				CLANG_WARN_INT_CONVERSION = YES;
				CLANG_WARN_OBJC_ROOT_CLASS = YES_ERROR;
				CLANG_WARN_UNREACHABLE_CODE = YES;
				CLANG_WARN__DUPLICATE_METHOD_MATCH = YES;
				"CODE_SIGN_IDENTITY[sdk=iphoneos*]" = "iPhone Developer";
				COPY_PHASE_STRIP = NO;
				DEBUG_INFORMATION_FORMAT = "dwarf-with-dsym";
				ENABLE_STRICT_OBJC_MSGSEND = YES;
				GCC_C_LANGUAGE_STANDARD = gnu99;
				GCC_DYNAMIC_NO_PIC = NO;
				GCC_NO_COMMON_BLOCKS = YES;
				GCC_OPTIMIZATION_LEVEL = 0;
				GCC_PREPROCESSOR_DEFINITIONS = (
					"DEBUG=1",
					"$(inherited)",
				);
				GCC_SYMBOLS_PRIVATE_EXTERN = NO;
				GCC_WARN_64_TO_32_BIT_CONVERSION = YES;
				GCC_WARN_ABOUT_RETURN_TYPE = YES_ERROR;
				GCC_WARN_UNDECLARED_SELECTOR = YES;
				GCC_WARN_UNINITIALIZED_AUTOS = YES_AGGRESSIVE;
				GCC_WARN_UNUSED_FUNCTION = YES;
				GCC_WARN_UNUSED_VARIABLE = YES;
				IPHONEOS_DEPLOYMENT_TARGET = 8.1;
				MTL_ENABLE_DEBUG_INFO = YES;
				ONLY_ACTIVE_ARCH = YES;
				SDKROOT = iphoneos;
			};
			name = Debug;
		};
		91B6D8E71AEFCFAA00DEFA61 /* Release */ = {
			isa = XCBuildConfiguration;
			buildSettings = {
				ALWAYS_SEARCH_USER_PATHS = NO;
				CLANG_CXX_LANGUAGE_STANDARD = "gnu++0x";
				CLANG_CXX_LIBRARY = "libc++";
				CLANG_ENABLE_MODULES = YES;
				CLANG_ENABLE_OBJC_ARC = YES;
				CLANG_WARN_BOOL_CONVERSION = YES;
				CLANG_WARN_CONSTANT_CONVERSION = YES;
				CLANG_WARN_DIRECT_OBJC_ISA_USAGE = YES_ERROR;
				CLANG_WARN_EMPTY_BODY = YES;
				CLANG_WARN_ENUM_CONVERSION = YES;
				CLANG_WARN_INT_CONVERSION = YES;
				CLANG_WARN_OBJC_ROOT_CLASS = YES_ERROR;
				CLANG_WARN_UNREACHABLE_CODE = YES;
				CLANG_WARN__DUPLICATE_METHOD_MATCH = YES;
				"CODE_SIGN_IDENTITY[sdk=iphoneos*]" = "iPhone Developer";
				COPY_PHASE_STRIP = NO;
				DEBUG_INFORMATION_FORMAT = "dwarf-with-dsym";
				ENABLE_NS_ASSERTIONS = NO;
				ENABLE_STRICT_OBJC_MSGSEND = YES;
				GCC_C_LANGUAGE_STANDARD = gnu99;
				GCC_NO_COMMON_BLOCKS = YES;
				GCC_WARN_64_TO_32_BIT_CONVERSION = YES;
				GCC_WARN_ABOUT_RETURN_TYPE = YES_ERROR;
				GCC_WARN_UNDECLARED_SELECTOR = YES;
				GCC_WARN_UNINITIALIZED_AUTOS = YES_AGGRESSIVE;
				GCC_WARN_UNUSED_FUNCTION = YES;
				GCC_WARN_UNUSED_VARIABLE = YES;
				IPHONEOS_DEPLOYMENT_TARGET = 8.1;
				MTL_ENABLE_DEBUG_INFO = NO;
				SDKROOT = iphoneos;
				VALIDATE_PRODUCT = YES;
			};
			name = Release;
		};
		91B6D8E91AEFCFAA00DEFA61 /* Debug */ = {
			isa = XCBuildConfiguration;
			buildSettings = {
				ASSETCATALOG_COMPILER_APPICON_NAME = AppIcon;
				INFOPLIST_FILE = "14.时钟/Info.plist";
				LD_RUNPATH_SEARCH_PATHS = "$(inherited) @executable_path/Frameworks";
				PRODUCT_NAME = "$(TARGET_NAME)";
			};
			name = Debug;
		};
		91B6D8EA1AEFCFAA00DEFA61 /* Release */ = {
			isa = XCBuildConfiguration;
			buildSettings = {
				ASSETCATALOG_COMPILER_APPICON_NAME = AppIcon;
				INFOPLIST_FILE = "14.时钟/Info.plist";
				LD_RUNPATH_SEARCH_PATHS = "$(inherited) @executable_path/Frameworks";
				PRODUCT_NAME = "$(TARGET_NAME)";
			};
			name = Release;
		};
		91B6D8EC1AEFCFAA00DEFA61 /* Debug */ = {
			isa = XCBuildConfiguration;
			buildSettings = {
				BUNDLE_LOADER = "$(TEST_HOST)";
				FRAMEWORK_SEARCH_PATHS = (
					"$(SDKROOT)/Developer/Library/Frameworks",
					"$(inherited)",
				);
				GCC_PREPROCESSOR_DEFINITIONS = (
					"DEBUG=1",
					"$(inherited)",
				);
				INFOPLIST_FILE = "14.时钟Tests/Info.plist";
				LD_RUNPATH_SEARCH_PATHS = "$(inherited) @executable_path/Frameworks @loader_path/Frameworks";
				PRODUCT_NAME = "$(TARGET_NAME)";
				TEST_HOST = "$(BUILT_PRODUCTS_DIR)/14.时钟.app/14.时钟";
			};
			name = Debug;
		};
		91B6D8ED1AEFCFAA00DEFA61 /* Release */ = {
			isa = XCBuildConfiguration;
			buildSettings = {
				BUNDLE_LOADER = "$(TEST_HOST)";
				FRAMEWORK_SEARCH_PATHS = (
					"$(SDKROOT)/Developer/Library/Frameworks",
					"$(inherited)",
				);
				INFOPLIST_FILE = "14.时钟Tests/Info.plist";
				LD_RUNPATH_SEARCH_PATHS = "$(inherited) @executable_path/Frameworks @loader_path/Frameworks";
				PRODUCT_NAME = "$(TARGET_NAME)";
				TEST_HOST = "$(BUILT_PRODUCTS_DIR)/14.时钟.app/14.时钟";
			};
			name = Release;
		};
/* End XCBuildConfiguration section */

/* Begin XCConfigurationList section */
		91B6D8C01AEFCFA900DEFA61 /* Build configuration list for PBXProject "14.时钟" */ = {
			isa = XCConfigurationList;
			buildConfigurations = (
				91B6D8E61AEFCFAA00DEFA61 /* Debug */,
				91B6D8E71AEFCFAA00DEFA61 /* Release */,
			);
			defaultConfigurationIsVisible = 0;
			defaultConfigurationName = Release;
		};
		91B6D8E81AEFCFAA00DEFA61 /* Build configuration list for PBXNativeTarget "14.时钟" */ = {
			isa = XCConfigurationList;
			buildConfigurations = (
				91B6D8E91AEFCFAA00DEFA61 /* Debug */,
				91B6D8EA1AEFCFAA00DEFA61 /* Release */,
			);
			defaultConfigurationIsVisible = 0;
		};
		91B6D8EB1AEFCFAA00DEFA61 /* Build configuration list for PBXNativeTarget "14.时钟Tests" */ = {
			isa = XCConfigurationList;
			buildConfigurations = (
				91B6D8EC1AEFCFAA00DEFA61 /* Debug */,
				91B6D8ED1AEFCFAA00DEFA61 /* Release */,
			);
			defaultConfigurationIsVisible = 0;
		};
/* End XCConfigurationList section */
	};
	rootObject = 91B6D8BD1AEFCFA900DEFA61 /* Project object */;
}
